
Microsoft Visual Studio Solution File, Format Version 9.00
# Visual Studio 2005
Project("{E24C65DC-7377-472B-9ABA-BC803B73C61A}") = "C:\SmsApplication\", "..\..\..\..\..\..\SmsApplication\", "{798CD1EB-B7D7-4C5C-BB6A-AA3D317622E3}"
	ProjectSection(WebsiteProperties) = preProject
		Debug.AspNetCompiler.VirtualPath = "/SmsApplication"
		Debug.AspNetCompiler.PhysicalPath = "..\..\..\..\..\..\SmsApplication\"
		Debug.AspNetCompiler.TargetPath = "PrecompiledWeb\SmsApplication\"
		Debug.AspNetCompiler.Updateable = "true"
		Debug.AspNetCompiler.ForceOverwrite = "true"
		Debug.AspNetCompiler.FixedNames = "false"
		Debug.AspNetCompiler.Debug = "True"
		Release.AspNetCompiler.VirtualPath = "/SmsApplication"
		Release.AspNetCompiler.PhysicalPath = "..\..\..\..\..\..\SmsApplication\"
		Release.AspNetCompiler.TargetPath = "PrecompiledWeb\SmsApplication\"
		Release.AspNetCompiler.Updateable = "true"
		Release.AspNetCompiler.ForceOverwrite = "true"
		Release.AspNetCompiler.FixedNames = "false"
		Release.AspNetCompiler.Debug = "False"
		VWDPort = "1469"
		DefaultWebSiteLanguage = "Visual C#"
	EndProjectSection
EndProject
Global
	GlobalSection(SolutionConfigurationPlatforms) = preSolution
		Debug|.NET = Debug|.NET
	EndGlobalSection
	GlobalSection(ProjectConfigurationPlatforms) = postSolution
		{798CD1EB-B7D7-4C5C-BB6A-AA3D317622E3}.Debug|.NET.ActiveCfg = Debug|.NET
		{798CD1EB-B7D7-4C5C-BB6A-AA3D317622E3}.Debug|.NET.Build.0 = Debug|.NET
	EndGlobalSection
	GlobalSection(SolutionProperties) = preSolution
		HideSolutionNode = FALSE
	EndGlobalSection
EndGlobal
